// !$*UTF8*$!
{
	archiveVersion = 1;
	classes = {
	};
	objectVersion = 46;
	objects = {

/* Begin PBXBuildFile section */
		A7D829231B3F60300026D311 /* AppDelegate.swift in Sources */ = {isa = PBXBuildFile; fileRef = A7D829221B3F60300026D311 /* AppDelegate.swift */; };
		A7D829251B3F60300026D311 /* ViewController.swift in Sources */ = {isa = PBXBuildFile; fileRef = A7D829241B3F60300026D311 /* ViewController.swift */; };
		A7D829281B3F60300026D311 /* Main.storyboard in Resources */ = {isa = PBXBuildFile; fileRef = A7D829261B3F60300026D311 /* Main.storyboard */; };
		A7D8292A1B3F60300026D311 /* Images.xcassets in Resources */ = {isa = PBXBuildFile; fileRef = A7D829291B3F60300026D311 /* Images.xcassets */; };
		A7D8292D1B3F60300026D311 /* LaunchScreen.xib in Resources */ = {isa = PBXBuildFile; fileRef = A7D8292B1B3F60300026D311 /* LaunchScreen.xib */; };
		A7D829391B3F60300026D311 /* PropertiesChangedObserverTests.swift in Sources */ = {isa = PBXBuildFile; fileRef = A7D829381B3F60300026D311 /* PropertiesChangedObserverTests.swift */; };
		D3CBBC9DF999F5E498C0B5C3 /* Pods.framework in Frameworks */ = {isa = PBXBuildFile; fileRef = 93922C39E810549890C67607 /* Pods.framework */; settings = {ATTRIBUTES = (Weak, ); }; };
/* End PBXBuildFile section */

/* Begin PBXContainerItemProxy section */
		A7D829331B3F60300026D311 /* PBXContainerItemProxy */ = {
			isa = PBXContainerItemProxy;
			containerPortal = A7D829151B3F60300026D311 /* Project object */;
			proxyType = 1;
			remoteGlobalIDString = A7D8291C1B3F60300026D311;
			remoteInfo = PropertiesChangedObserver;
		};
/* End PBXContainerItemProxy section */

/* Begin PBXFileReference section */
		4845E9BF7AD6EBAAE8F40620 /* Pods.release.xcconfig */ = {isa = PBXFileReference; includeInIndex = 1; lastKnownFileType = text.xcconfig; name = Pods.release.xcconfig; path = "Pods/Target Support Files/Pods/Pods.release.xcconfig"; sourceTree = "<group>"; };
		93922C39E810549890C67607 /* Pods.framework */ = {isa = PBXFileReference; explicitFileType = wrapper.framework; includeInIndex = 0; path = Pods.framework; sourceTree = BUILT_PRODUCTS_DIR; };
		9ACA9D9A09CB113073297B8E /* Pods.debug.xcconfig */ = {isa = PBXFileReference; includeInIndex = 1; lastKnownFileType = text.xcconfig; name = Pods.debug.xcconfig; path = "Pods/Target Support Files/Pods/Pods.debug.xcconfig"; sourceTree = "<group>"; };
		A7D8291D1B3F60300026D311 /* PropertiesChangedObserver.app */ = {isa = PBXFileReference; explicitFileType = wrapper.application; includeInIndex = 0; path = PropertiesChangedObserver.app; sourceTree = BUILT_PRODUCTS_DIR; };
		A7D829211B3F60300026D311 /* Info.plist */ = {isa = PBXFileReference; lastKnownFileType = text.plist.xml; path = Info.plist; sourceTree = "<group>"; };
		A7D829221B3F60300026D311 /* AppDelegate.swift */ = {isa = PBXFileReference; lastKnownFileType = sourcecode.swift; path = AppDelegate.swift; sourceTree = "<group>"; };
		A7D829241B3F60300026D311 /* ViewController.swift */ = {isa = PBXFileReference; lastKnownFileType = sourcecode.swift; path = ViewController.swift; sourceTree = "<group>"; };
		A7D829271B3F60300026D311 /* Base */ = {isa = PBXFileReference; lastKnownFileType = file.storyboard; name = Base; path = Base.lproj/Main.storyboard; sourceTree = "<group>"; };
		A7D829291B3F60300026D311 /* Images.xcassets */ = {isa = PBXFileReference; lastKnownFileType = folder.assetcatalog; path = Images.xcassets; sourceTree = "<group>"; };
		A7D8292C1B3F60300026D311 /* Base */ = {isa = PBXFileReference; lastKnownFileType = file.xib; name = Base; path = Base.lproj/LaunchScreen.xib; sourceTree = "<group>"; };
		A7D829321B3F60300026D311 /* PropertiesChangedObserverTests.xctest */ = {isa = PBXFileReference; explicitFileType = wrapper.cfbundle; includeInIndex = 0; path = PropertiesChangedObserverTests.xctest; sourceTree = BUILT_PRODUCTS_DIR; };
		A7D829371B3F60300026D311 /* Info.plist */ = {isa = PBXFileReference; lastKnownFileType = text.plist.xml; path = Info.plist; sourceTree = "<group>"; };
		A7D829381B3F60300026D311 /* PropertiesChangedObserverTests.swift */ = {isa = PBXFileReference; lastKnownFileType = sourcecode.swift; path = PropertiesChangedObserverTests.swift; sourceTree = "<group>"; };
/* End PBXFileReference section */

/* Begin PBXFrameworksBuildPhase section */
		A7D8291A1B3F60300026D311 /* Frameworks */ = {
			isa = PBXFrameworksBuildPhase;
			buildActionMask = 2147483647;
			files = (
				D3CBBC9DF999F5E498C0B5C3 /* Pods.framework in Frameworks */,
			);
			runOnlyForDeploymentPostprocessing = 0;
		};
		A7D8292F1B3F60300026D311 /* Frameworks */ = {
			isa = PBXFrameworksBuildPhase;
			buildActionMask = 2147483647;
			files = (
			);
			runOnlyForDeploymentPostprocessing = 0;
		};
/* End PBXFrameworksBuildPhase section */

/* Begin PBXGroup section */
		036842B68F0A69F7B20129CA /* Pods */ = {
			isa = PBXGroup;
			children = (
				9ACA9D9A09CB113073297B8E /* Pods.debug.xcconfig */,
				4845E9BF7AD6EBAAE8F40620 /* Pods.release.xcconfig */,
			);
			name = Pods;
			sourceTree = "<group>";
		};
		A7D829141B3F60300026D311 = {
			isa = PBXGroup;
			children = (
				A7D8291F1B3F60300026D311 /* PropertiesChangedObserver */,
				A7D829351B3F60300026D311 /* PropertiesChangedObserverTests */,
				A7D8291E1B3F60300026D311 /* Products */,
				036842B68F0A69F7B20129CA /* Pods */,
				EC6190378B8603A591F1FB26 /* Frameworks */,
			);
			sourceTree = "<group>";
		};
		A7D8291E1B3F60300026D311 /* Products */ = {
			isa = PBXGroup;
			children = (
				A7D8291D1B3F60300026D311 /* PropertiesChangedObserver.app */,
				A7D829321B3F60300026D311 /* PropertiesChangedObserverTests.xctest */,
			);
			name = Products;
			sourceTree = "<group>";
		};
		A7D8291F1B3F60300026D311 /* PropertiesChangedObserver */ = {
			isa = PBXGroup;
			children = (
				A7D829221B3F60300026D311 /* AppDelegate.swift */,
				A7D829241B3F60300026D311 /* ViewController.swift */,
				A7D829261B3F60300026D311 /* Main.storyboard */,
				A7D829291B3F60300026D311 /* Images.xcassets */,
				A7D8292B1B3F60300026D311 /* LaunchScreen.xib */,
				A7D829201B3F60300026D311 /* Supporting Files */,
			);
			path = PropertiesChangedObserver;
			sourceTree = "<group>";
		};
		A7D829201B3F60300026D311 /* Supporting Files */ = {
			isa = PBXGroup;
			children = (
				A7D829211B3F60300026D311 /* Info.plist */,
			);
			name = "Supporting Files";
			sourceTree = "<group>";
		};
		A7D829351B3F60300026D311 /* PropertiesChangedObserverTests */ = {
			isa = PBXGroup;
			children = (
				A7D829381B3F60300026D311 /* PropertiesChangedObserverTests.swift */,
				A7D829361B3F60300026D311 /* Supporting Files */,
			);
			path = PropertiesChangedObserverTests;
			sourceTree = "<group>";
		};
		A7D829361B3F60300026D311 /* Supporting Files */ = {
			isa = PBXGroup;
			children = (
				A7D829371B3F60300026D311 /* Info.plist */,
			);
			name = "Supporting Files";
			sourceTree = "<group>";
		};
		EC6190378B8603A591F1FB26 /* Frameworks */ = {
			isa = PBXGroup;
			children = (
				93922C39E810549890C67607 /* Pods.framework */,
			);
			name = Frameworks;
			sourceTree = "<group>";
		};
/* End PBXGroup section */

/* Begin PBXNativeTarget section */
		A7D8291C1B3F60300026D311 /* PropertiesChangedObserver */ = {
			isa = PBXNativeTarget;
			buildConfigurationList = A7D8293C1B3F60300026D311 /* Build configuration list for PBXNativeTarget "PropertiesChangedObserver" */;
			buildPhases = (
				121C67AEED3F62F45A27B177 /* Check Pods Manifest.lock */,
				A7D829191B3F60300026D311 /* Sources */,
				A7D8291A1B3F60300026D311 /* Frameworks */,
				A7D8291B1B3F60300026D311 /* Resources */,
				C5BA75A8F29F8551B240FF8E /* Embed Pods Frameworks */,
				1473755E99F42B1C9841EF9A /* Copy Pods Resources */,
			);
			buildRules = (
			);
			dependencies = (
			);
			name = PropertiesChangedObserver;
			productName = PropertiesChangedObserver;
			productReference = A7D8291D1B3F60300026D311 /* PropertiesChangedObserver.app */;
			productType = "com.apple.product-type.application";
		};
		A7D829311B3F60300026D311 /* PropertiesChangedObserverTests */ = {
			isa = PBXNativeTarget;
			buildConfigurationList = A7D8293F1B3F60300026D311 /* Build configuration list for PBXNativeTarget "PropertiesChangedObserverTests" */;
			buildPhases = (
				A7D8292E1B3F60300026D311 /* Sources */,
				A7D8292F1B3F60300026D311 /* Frameworks */,
				A7D829301B3F60300026D311 /* Resources */,
			);
			buildRules = (
			);
			dependencies = (
				A7D829341B3F60300026D311 /* PBXTargetDependency */,
			);
			name = PropertiesChangedObserverTests;
			productName = PropertiesChangedObserverTests;
			productReference = A7D829321B3F60300026D311 /* PropertiesChangedObserverTests.xctest */;
			productType = "com.apple.product-type.bundle.unit-test";
		};
/* End PBXNativeTarget section */

/* Begin PBXProject section */
		A7D829151B3F60300026D311 /* Project object */ = {
			isa = PBXProject;
			attributes = {
				LastUpgradeCheck = 0630;
				ORGANIZATIONNAME = hzwzw;
				TargetAttributes = {
					A7D8291C1B3F60300026D311 = {
						CreatedOnToolsVersion = 6.3.1;
					};
					A7D829311B3F60300026D311 = {
						CreatedOnToolsVersion = 6.3.1;
						TestTargetID = A7D8291C1B3F60300026D311;
					};
				};
			};
			buildConfigurationList = A7D829181B3F60300026D311 /* Build configuration list for PBXProject "PropertiesChangedObserver" */;
			compatibilityVersion = "Xcode 3.2";
			developmentRegion = English;
			hasScannedForEncodings = 0;
			knownRegions = (
				en,
				Base,
			);
			mainGroup = A7D829141B3F60300026D311;
			productRefGroup = A7D8291E1B3F60300026D311 /* Products */;
			projectDirPath = "";
			projectRoot = "";
			targets = (
				A7D8291C1B3F60300026D311 /* PropertiesChangedObserver */,
				A7D829311B3F60300026D311 /* PropertiesChangedObserverTests */,
			);
		};
/* End PBXProject section */

/* Begin PBXResourcesBuildPhase section */
		A7D8291B1B3F60300026D311 /* Resources */ = {
			isa = PBXResourcesBuildPhase;
			buildActionMask = 2147483647;
			files = (
				A7D829281B3F60300026D311 /* Main.storyboard in Resources */,
				A7D8292D1B3F60300026D311 /* LaunchScreen.xib in Resources */,
				A7D8292A1B3F60300026D311 /* Images.xcassets in Resources */,
			);
			runOnlyForDeploymentPostprocessing = 0;
		};
		A7D829301B3F60300026D311 /* Resources */ = {
			isa = PBXResourcesBuildPhase;
			buildActionMask = 2147483647;
			files = (
			);
			runOnlyForDeploymentPostprocessing = 0;
		};
/* End PBXResourcesBuildPhase section */

/* Begin PBXShellScriptBuildPhase section */
		121C67AEED3F62F45A27B177 /* Check Pods Manifest.lock */ = {
			isa = PBXShellScriptBuildPhase;
			buildActionMask = 2147483647;
			files = (
			);
			inputPaths = (
			);
			name = "Check Pods Manifest.lock";
			outputPaths = (
			);
			runOnlyForDeploymentPostprocessing = 0;
			shellPath = /bin/sh;
			shellScript = "diff \"${PODS_ROOT}/../Podfile.lock\" \"${PODS_ROOT}/Manifest.lock\" > /dev/null\nif [[ $? != 0 ]] ; then\n    cat << EOM\nerror: The sandbox is not in sync with the Podfile.lock. Run 'pod install' or update your CocoaPods installation.\nEOM\n    exit 1\nfi\n";
			showEnvVarsInLog = 0;
		};
		1473755E99F42B1C9841EF9A /* Copy Pods Resources */ = {
			isa = PBXShellScriptBuildPhase;
			buildActionMask = 2147483647;
			files = (
			);
			inputPaths = (
			);
			name = "Copy Pods Resources";
			outputPaths = (
			);
			runOnlyForDeploymentPostprocessing = 0;
			shellPath = /bin/sh;
			shellScript = "\"${SRCROOT}/Pods/Target Support Files/Pods/Pods-resources.sh\"\n";
			showEnvVarsInLog = 0;
		};
		C5BA75A8F29F8551B240FF8E /* Embed Pods Frameworks */ = {
			isa = PBXShellScriptBuildPhase;
			buildActionMask = 2147483647;
			files = (
			);
			inputPaths = (
			);
			name = "Embed Pods Frameworks";
			outputPaths = (
			);
			runOnlyForDeploymentPostprocessing = 0;
			shellPath = /bin/sh;
			shellScript = "\"${SRCROOT}/Pods/Target Support Files/Pods/Pods-frameworks.sh\"\n";
			showEnvVarsInLog = 0;
		};
/* End PBXShellScriptBuildPhase section */

/* Begin PBXSourcesBuildPhase section */
		A7D829191B3F60300026D311 /* Sources */ = {
			isa = PBXSourcesBuildPhase;
			buildActionMask = 2147483647;
			files = (
				A7D829251B3F60300026D311 /* ViewController.swift in Sources */,
				A7D829231B3F60300026D311 /* AppDelegate.swift in Sources */,
			);
			runOnlyForDeploymentPostprocessing = 0;
		};
		A7D8292E1B3F60300026D311 /* Sources */ = {
			isa = PBXSourcesBuildPhase;
			buildActionMask = 2147483647;
			files = (
				A7D829391B3F60300026D311 /* PropertiesChangedObserverTests.swift in Sources */,
			);
			runOnlyForDeploymentPostprocessing = 0;
		};
/* End PBXSourcesBuildPhase section */

/* Begin PBXTargetDependency section */
		A7D829341B3F60300026D311 /* PBXTargetDependency */ = {
			isa = PBXTargetDependency;
			target = A7D8291C1B3F60300026D311 /* PropertiesChangedObserver */;
			targetProxy = A7D829331B3F60300026D311 /* PBXContainerItemProxy */;
		};
/* End PBXTargetDependency section */

/* Begin PBXVariantGroup section */
		A7D829261B3F60300026D311 /* Main.storyboard */ = {
			isa = PBXVariantGroup;
			children = (
				A7D829271B3F60300026D311 /* Base */,
			);
			name = Main.storyboard;
			sourceTree = "<group>";
		};
		A7D8292B1B3F60300026D311 /* LaunchScreen.xib */ = {
			isa = PBXVariantGroup;
			children = (
				A7D8292C1B3F60300026D311 /* Base */,
			);
			name = LaunchScreen.xib;
			sourceTree = "<group>";
		};
/* End PBXVariantGroup section */

/* Begin XCBuildConfiguration section */
		A7D8293A1B3F60300026D311 /* Debug */ = {
			isa = XCBuildConfiguration;
			buildSettings = {
				ALWAYS_SEARCH_USER_PATHS = NO;
				CLANG_CXX_LANGUAGE_STANDARD = "gnu++0x";
				CLANG_CXX_LIBRARY = "libc++";
				CLANG_ENABLE_MODULES = YES;
				CLANG_ENABLE_OBJC_ARC = YES;
				CLANG_WARN_BOOL_CONVERSION = YES;
				CLANG_WARN_CONSTANT_CONVERSION = YES;
				CLANG_WARN_DIRECT_OBJC_ISA_USAGE = YES_ERROR;
				CLANG_WARN_EMPTY_BODY = YES;
				CLANG_WARN_ENUM_CONVERSION = YES;
				CLANG_WARN_INT_CONVERSION = YES;
				CLANG_WARN_OBJC_ROOT_CLASS = YES_ERROR;
				CLANG_WARN_UNREACHABLE_CODE = YES;
				CLANG_WARN__DUPLICATE_METHOD_MATCH = YES;
				"CODE_SIGN_IDENTITY[sdk=iphoneos*]" = "iPhone Developer";
				COPY_PHASE_STRIP = NO;
				DEBUG_INFORMATION_FORMAT = "dwarf-with-dsym";
				ENABLE_STRICT_OBJC_MSGSEND = YES;
				GCC_C_LANGUAGE_STANDARD = gnu99;
				GCC_DYNAMIC_NO_PIC = NO;
				GCC_NO_COMMON_BLOCKS = YES;
				GCC_OPTIMIZATION_LEVEL = 0;
				GCC_PREPROCESSOR_DEFINITIONS = (
					"DEBUG=1",
					"$(inherited)",
				);
				GCC_SYMBOLS_PRIVATE_EXTERN = NO;
				GCC_WARN_64_TO_32_BIT_CONVERSION = YES;
				GCC_WARN_ABOUT_RETURN_TYPE = YES_ERROR;
				GCC_WARN_UNDECLARED_SELECTOR = YES;
				GCC_WARN_UNINITIALIZED_AUTOS = YES_AGGRESSIVE;
				GCC_WARN_UNUSED_FUNCTION = YES;
				GCC_WARN_UNUSED_VARIABLE = YES;
				IPHONEOS_DEPLOYMENT_TARGET = 8.3;
				MTL_ENABLE_DEBUG_INFO = YES;
				ONLY_ACTIVE_ARCH = YES;
				SDKROOT = iphoneos;
				SWIFT_OPTIMIZATION_LEVEL = "-Onone";
			};
			name = Debug;
		};
		A7D8293B1B3F60300026D311 /* Release */ = {
			isa = XCBuildConfiguration;
			buildSettings = {
				ALWAYS_SEARCH_USER_PATHS = NO;
				CLANG_CXX_LANGUAGE_STANDARD = "gnu++0x";
				CLANG_CXX_LIBRARY = "libc++";
				CLANG_ENABLE_MODULES = YES;
				CLANG_ENABLE_OBJC_ARC = YES;
				CLANG_WARN_BOOL_CONVERSION = YES;
				CLANG_WARN_CONSTANT_CONVERSION = YES;
				CLANG_WARN_DIRECT_OBJC_ISA_USAGE = YES_ERROR;
				CLANG_WARN_EMPTY_BODY = YES;
				CLANG_WARN_ENUM_CONVERSION = YES;
				CLANG_WARN_INT_CONVERSION = YES;
				CLANG_WARN_OBJC_ROOT_CLASS = YES_ERROR;
				CLANG_WARN_UNREACHABLE_CODE = YES;
				CLANG_WARN__DUPLICATE_METHOD_MATCH = YES;
				"CODE_SIGN_IDENTITY[sdk=iphoneos*]" = "iPhone Developer";
				COPY_PHASE_STRIP = NO;
				DEBUG_INFORMATION_FORMAT = "dwarf-with-dsym";
				ENABLE_NS_ASSERTIONS = NO;
				ENABLE_STRICT_OBJC_MSGSEND = YES;
				GCC_C_LANGUAGE_STANDARD = gnu99;
				GCC_NO_COMMON_BLOCKS = YES;
				GCC_WARN_64_TO_32_BIT_CONVERSION = YES;
				GCC_WARN_ABOUT_RETURN_TYPE = YES_ERROR;
				GCC_WARN_UNDECLARED_SELECTOR = YES;
				GCC_WARN_UNINITIALIZED_AUTOS = YES_AGGRESSIVE;
				GCC_WARN_UNUSED_FUNCTION = YES;
				GCC_WARN_UNUSED_VARIABLE = YES;
				IPHONEOS_DEPLOYMENT_TARGET = 8.3;
				MTL_ENABLE_DEBUG_INFO = NO;
				SDKROOT = iphoneos;
				VALIDATE_PRODUCT = YES;
			};
			name = Release;
		};
		A7D8293D1B3F60300026D311 /* Debug */ = {
			isa = XCBuildConfiguration;
			baseConfigurationReference = 9ACA9D9A09CB113073297B8E /* Pods.debug.xcconfig */;
			buildSettings = {
				ASSETCATALOG_COMPILER_APPICON_NAME = AppIcon;
				INFOPLIST_FILE = PropertiesChangedObserver/Info.plist;
				LD_RUNPATH_SEARCH_PATHS = "$(inherited) @executable_path/Frameworks";
				PRODUCT_NAME = "$(TARGET_NAME)";
			};
			name = Debug;
		};
		A7D8293E1B3F60300026D311 /* Release */ = {
			isa = XCBuildConfiguration;
			baseConfigurationReference = 4845E9BF7AD6EBAAE8F40620 /* Pods.release.xcconfig */;
			buildSettings = {
				ASSETCATALOG_COMPILER_APPICON_NAME = AppIcon;
				INFOPLIST_FILE = PropertiesChangedObserver/Info.plist;
				LD_RUNPATH_SEARCH_PATHS = "$(inherited) @executable_path/Frameworks";
				PRODUCT_NAME = "$(TARGET_NAME)";
			};
			name = Release;
		};
		A7D829401B3F60300026D311 /* Debug */ = {
			isa = XCBuildConfiguration;
			buildSettings = {
				BUNDLE_LOADER = "$(TEST_HOST)";
				FRAMEWORK_SEARCH_PATHS = (
					"$(SDKROOT)/Developer/Library/Frameworks",
					"$(inherited)",
				);
				GCC_PREPROCESSOR_DEFINITIONS = (
					"DEBUG=1",
					"$(inherited)",
				);
				INFOPLIST_FILE = PropertiesChangedObserverTests/Info.plist;
				LD_RUNPATH_SEARCH_PATHS = "$(inherited) @executable_path/Frameworks @loader_path/Frameworks";
				PRODUCT_NAME = "$(TARGET_NAME)";
				TEST_HOST = "$(BUILT_PRODUCTS_DIR)/PropertiesChangedObserver.app/PropertiesChangedObserver";
			};
			name = Debug;
		};
		A7D829411B3F60300026D311 /* Release */ = {
			isa = XCBuildConfiguration;
			buildSettings = {
				BUNDLE_LOADER = "$(TEST_HOST)";
				FRAMEWORK_SEARCH_PATHS = (
					"$(SDKROOT)/Developer/Library/Frameworks",
					"$(inherited)",
				);
				INFOPLIST_FILE = PropertiesChangedObserverTests/Info.plist;
				LD_RUNPATH_SEARCH_PATHS = "$(inherited) @executable_path/Frameworks @loader_path/Frameworks";
				PRODUCT_NAME = "$(TARGET_NAME)";
				TEST_HOST = "$(BUILT_PRODUCTS_DIR)/PropertiesChangedObserver.app/PropertiesChangedObserver";
			};
			name = Release;
		};
/* End XCBuildConfiguration section */

/* Begin XCConfigurationList section */
		A7D829181B3F60300026D311 /* Build configuration list for PBXProject "PropertiesChangedObserver" */ = {
			isa = XCConfigurationList;
			buildConfigurations = (
				A7D8293A1B3F60300026D311 /* Debug */,
				A7D8293B1B3F60300026D311 /* Release */,
			);
			defaultConfigurationIsVisible = 0;
			defaultConfigurationName = Release;
		};
		A7D8293C1B3F60300026D311 /* Build configuration list for PBXNativeTarget "PropertiesChangedObserver" */ = {
			isa = XCConfigurationList;
			buildConfigurations = (
				A7D8293D1B3F60300026D311 /* Debug */,
				A7D8293E1B3F60300026D311 /* Release */,
			);
			defaultConfigurationIsVisible = 0;
			defaultConfigurationName = Release;
		};
		A7D8293F1B3F60300026D311 /* Build configuration list for PBXNativeTarget "PropertiesChangedObserverTests" */ = {
			isa = XCConfigurationList;
			buildConfigurations = (
				A7D829401B3F60300026D311 /* Debug */,
				A7D829411B3F60300026D311 /* Release */,
			);
			defaultConfigurationIsVisible = 0;
			defaultConfigurationName = Release;
		};
/* End XCConfigurationList section */
	};
	rootObject = A7D829151B3F60300026D311 /* Project object */;
}
